// !$*UTF8*$!
{
	archiveVersion = 1;
	classes = {
	};
	objectVersion = 46;
	objects = {

/* Begin PBXBuildFile section */
		0075046E185BFCD863C15BFB /* libPods-BFCommonFramework.a in Frameworks */ = {isa = PBXBuildFile; fileRef = 2A62826CF13088BA6D1157FD /* libPods-BFCommonFramework.a */; };
		4A2490B02079B959007C6597 /* main.m in Sources */ = {isa = PBXBuildFile; fileRef = 4A2490AF2079B959007C6597 /* main.m */; };
		4A2490B32079B959007C6597 /* AppDelegate.m in Sources */ = {isa = PBXBuildFile; fileRef = 4A2490B22079B959007C6597 /* AppDelegate.m */; };
		4A2490B62079B959007C6597 /* ViewController.m in Sources */ = {isa = PBXBuildFile; fileRef = 4A2490B52079B959007C6597 /* ViewController.m */; };
		4A2490B92079B959007C6597 /* Main.storyboard in Resources */ = {isa = PBXBuildFile; fileRef = 4A2490B72079B959007C6597 /* Main.storyboard */; };
		4A2490BB2079B959007C6597 /* Assets.xcassets in Resources */ = {isa = PBXBuildFile; fileRef = 4A2490BA2079B959007C6597 /* Assets.xcassets */; };
		4A2490BE2079B959007C6597 /* LaunchScreen.storyboard in Resources */ = {isa = PBXBuildFile; fileRef = 4A2490BC2079B959007C6597 /* LaunchScreen.storyboard */; };
		4A2490C92079BB5B007C6597 /* BFNetworkManager.m in Sources */ = {isa = PBXBuildFile; fileRef = 4A2490C82079BB5B007C6597 /* BFNetworkManager.m */; };
		4A2490CD2079BBDE007C6597 /* BFNetworkSocket.m in Sources */ = {isa = PBXBuildFile; fileRef = 4A2490CC2079BBDE007C6597 /* BFNetworkSocket.m */; };
/* End PBXBuildFile section */

/* Begin PBXFileReference section */
		2A62826CF13088BA6D1157FD /* libPods-BFCommonFramework.a */ = {isa = PBXFileReference; explicitFileType = archive.ar; includeInIndex = 0; path = "libPods-BFCommonFramework.a"; sourceTree = BUILT_PRODUCTS_DIR; };
		4A2490AB2079B959007C6597 /* BFCommonFramework.app */ = {isa = PBXFileReference; explicitFileType = wrapper.application; includeInIndex = 0; path = BFCommonFramework.app; sourceTree = BUILT_PRODUCTS_DIR; };
		4A2490AF2079B959007C6597 /* main.m */ = {isa = PBXFileReference; lastKnownFileType = sourcecode.c.objc; path = main.m; sourceTree = "<group>"; };
		4A2490B12079B959007C6597 /* AppDelegate.h */ = {isa = PBXFileReference; lastKnownFileType = sourcecode.c.h; path = AppDelegate.h; sourceTree = "<group>"; };
		4A2490B22079B959007C6597 /* AppDelegate.m */ = {isa = PBXFileReference; lastKnownFileType = sourcecode.c.objc; path = AppDelegate.m; sourceTree = "<group>"; };
		4A2490B42079B959007C6597 /* ViewController.h */ = {isa = PBXFileReference; lastKnownFileType = sourcecode.c.h; path = ViewController.h; sourceTree = "<group>"; };
		4A2490B52079B959007C6597 /* ViewController.m */ = {isa = PBXFileReference; lastKnownFileType = sourcecode.c.objc; path = ViewController.m; sourceTree = "<group>"; };
		4A2490B82079B959007C6597 /* Base */ = {isa = PBXFileReference; lastKnownFileType = file.storyboard; name = Base; path = Base.lproj/Main.storyboard; sourceTree = "<group>"; };
		4A2490BA2079B959007C6597 /* Assets.xcassets */ = {isa = PBXFileReference; lastKnownFileType = folder.assetcatalog; path = Assets.xcassets; sourceTree = "<group>"; };
		4A2490BD2079B959007C6597 /* Base */ = {isa = PBXFileReference; lastKnownFileType = file.storyboard; name = Base; path = Base.lproj/LaunchScreen.storyboard; sourceTree = "<group>"; };
		4A2490BF2079B959007C6597 /* Info.plist */ = {isa = PBXFileReference; lastKnownFileType = text.plist.xml; path = Info.plist; sourceTree = "<group>"; };
		4A2490C62079BAFE007C6597 /* BFNReadMe.h */ = {isa = PBXFileReference; lastKnownFileType = sourcecode.c.h; path = BFNReadMe.h; sourceTree = "<group>"; };
		4A2490C72079BB5B007C6597 /* BFNetworkManager.h */ = {isa = PBXFileReference; fileEncoding = 4; lastKnownFileType = sourcecode.c.h; path = BFNetworkManager.h; sourceTree = "<group>"; };
		4A2490C82079BB5B007C6597 /* BFNetworkManager.m */ = {isa = PBXFileReference; fileEncoding = 4; lastKnownFileType = sourcecode.c.objc; path = BFNetworkManager.m; sourceTree = "<group>"; };
		4A2490CB2079BBDE007C6597 /* BFNetworkSocket.h */ = {isa = PBXFileReference; fileEncoding = 4; lastKnownFileType = sourcecode.c.h; path = BFNetworkSocket.h; sourceTree = "<group>"; };
		4A2490CC2079BBDE007C6597 /* BFNetworkSocket.m */ = {isa = PBXFileReference; fileEncoding = 4; lastKnownFileType = sourcecode.c.objc; path = BFNetworkSocket.m; sourceTree = "<group>"; };
		843D7ACA2366A0D985B5293E /* Pods-BFCommonFramework.release.xcconfig */ = {isa = PBXFileReference; includeInIndex = 1; lastKnownFileType = text.xcconfig; name = "Pods-BFCommonFramework.release.xcconfig"; path = "Pods/Target Support Files/Pods-BFCommonFramework/Pods-BFCommonFramework.release.xcconfig"; sourceTree = "<group>"; };
		F6DBC13E6C27F57B782E2F2A /* Pods-BFCommonFramework.debug.xcconfig */ = {isa = PBXFileReference; includeInIndex = 1; lastKnownFileType = text.xcconfig; name = "Pods-BFCommonFramework.debug.xcconfig"; path = "Pods/Target Support Files/Pods-BFCommonFramework/Pods-BFCommonFramework.debug.xcconfig"; sourceTree = "<group>"; };
/* End PBXFileReference section */

/* Begin PBXFrameworksBuildPhase section */
		4A2490A82079B94A007C6597 /* Frameworks */ = {
			isa = PBXFrameworksBuildPhase;
			buildActionMask = 2147483647;
			files = (
				0075046E185BFCD863C15BFB /* libPods-BFCommonFramework.a in Frameworks */,
			);
			runOnlyForDeploymentPostprocessing = 0;
		};
/* End PBXFrameworksBuildPhase section */

/* Begin PBXGroup section */
		46B7FE1EF6A743B80E43EA1E /* Frameworks */ = {
			isa = PBXGroup;
			children = (
				2A62826CF13088BA6D1157FD /* libPods-BFCommonFramework.a */,
			);
			name = Frameworks;
			sourceTree = "<group>";
		};
		4A2490A22079B94A007C6597 = {
			isa = PBXGroup;
			children = (
				4A2490AD2079B959007C6597 /* BFCommonFramework */,
				4A2490AC2079B959007C6597 /* Products */,
				72AB87C1E73CE59834265362 /* Pods */,
				46B7FE1EF6A743B80E43EA1E /* Frameworks */,
			);
			sourceTree = "<group>";
		};
		4A2490AC2079B959007C6597 /* Products */ = {
			isa = PBXGroup;
			children = (
				4A2490AB2079B959007C6597 /* BFCommonFramework.app */,
			);
			name = Products;
			sourceTree = "<group>";
		};
		4A2490AD2079B959007C6597 /* BFCommonFramework */ = {
			isa = PBXGroup;
			children = (
				4A2490C52079BA78007C6597 /* BFNetwork */,
				4A2490B12079B959007C6597 /* AppDelegate.h */,
				4A2490B22079B959007C6597 /* AppDelegate.m */,
				4A2490B42079B959007C6597 /* ViewController.h */,
				4A2490B52079B959007C6597 /* ViewController.m */,
				4A2490B72079B959007C6597 /* Main.storyboard */,
				4A2490BA2079B959007C6597 /* Assets.xcassets */,
				4A2490BC2079B959007C6597 /* LaunchScreen.storyboard */,
				4A2490BF2079B959007C6597 /* Info.plist */,
				4A2490AE2079B959007C6597 /* Supporting Files */,
			);
			path = BFCommonFramework;
			sourceTree = "<group>";
		};
		4A2490AE2079B959007C6597 /* Supporting Files */ = {
			isa = PBXGroup;
			children = (
				4A2490AF2079B959007C6597 /* main.m */,
			);
			name = "Supporting Files";
			sourceTree = "<group>";
		};
		4A2490C52079BA78007C6597 /* BFNetwork */ = {
			isa = PBXGroup;
			children = (
				4A2490C62079BAFE007C6597 /* BFNReadMe.h */,
				4A2490CA2079BB84007C6597 /* BFSocket */,
				4A2490C72079BB5B007C6597 /* BFNetworkManager.h */,
				4A2490C82079BB5B007C6597 /* BFNetworkManager.m */,
			);
			path = BFNetwork;
			sourceTree = "<group>";
		};
		4A2490CA2079BB84007C6597 /* BFSocket */ = {
			isa = PBXGroup;
			children = (
				4A2490CB2079BBDE007C6597 /* BFNetworkSocket.h */,
				4A2490CC2079BBDE007C6597 /* BFNetworkSocket.m */,
			);
			path = BFSocket;
			sourceTree = "<group>";
		};
		72AB87C1E73CE59834265362 /* Pods */ = {
			isa = PBXGroup;
			children = (
				F6DBC13E6C27F57B782E2F2A /* Pods-BFCommonFramework.debug.xcconfig */,
				843D7ACA2366A0D985B5293E /* Pods-BFCommonFramework.release.xcconfig */,
			);
			name = Pods;
			sourceTree = "<group>";
		};
/* End PBXGroup section */

/* Begin PBXNativeTarget section */
		4A2490AA2079B94A007C6597 /* BFCommonFramework */ = {
			isa = PBXNativeTarget;
			buildConfigurationList = 4A2490C22079B959007C6597 /* Build configuration list for PBXNativeTarget "BFCommonFramework" */;
			buildPhases = (
				F6927E97F2B49C692BE52E87 /* [CP] Check Pods Manifest.lock */,
				4A2490A72079B94A007C6597 /* Sources */,
				4A2490A82079B94A007C6597 /* Frameworks */,
				4A2490A92079B94A007C6597 /* Resources */,
				99E24FB0554E894560876240 /* [CP] Embed Pods Frameworks */,
				C973869A536534773F1CDD12 /* [CP] Copy Pods Resources */,
			);
			buildRules = (
			);
			dependencies = (
			);
			name = BFCommonFramework;
			productName = BFCommonFramework;
			productReference = 4A2490AB2079B959007C6597 /* BFCommonFramework.app */;
			productType = "com.apple.product-type.application";
		};
/* End PBXNativeTarget section */

/* Begin PBXProject section */
		4A2490A32079B94A007C6597 /* Project object */ = {
			isa = PBXProject;
			attributes = {
				LastUpgradeCheck = 0820;
				ORGANIZATIONNAME = BFAlex;
				TargetAttributes = {
					4A2490AA2079B94A007C6597 = {
						CreatedOnToolsVersion = 8.2.1;
						DevelopmentTeam = N8M9ALB4QH;
						ProvisioningStyle = Automatic;
					};
				};
			};
			buildConfigurationList = 4A2490A62079B94A007C6597 /* Build configuration list for PBXProject "BFCommonFramework" */;
			compatibilityVersion = "Xcode 3.2";
			developmentRegion = English;
			hasScannedForEncodings = 0;
			knownRegions = (
				en,
				Base,
			);
			mainGroup = 4A2490A22079B94A007C6597;
			productRefGroup = 4A2490AC2079B959007C6597 /* Products */;
			projectDirPath = "";
			projectRoot = "";
			targets = (
				4A2490AA2079B94A007C6597 /* BFCommonFramework */,
			);
		};
/* End PBXProject section */

/* Begin PBXResourcesBuildPhase section */
		4A2490A92079B94A007C6597 /* Resources */ = {
			isa = PBXResourcesBuildPhase;
			buildActionMask = 2147483647;
			files = (
				4A2490BE2079B959007C6597 /* LaunchScreen.storyboard in Resources */,
				4A2490BB2079B959007C6597 /* Assets.xcassets in Resources */,
				4A2490B92079B959007C6597 /* Main.storyboard in Resources */,
			);
			runOnlyForDeploymentPostprocessing = 0;
		};
/* End PBXResourcesBuildPhase section */

/* Begin PBXShellScriptBuildPhase section */
		99E24FB0554E894560876240 /* [CP] Embed Pods Frameworks */ = {
			isa = PBXShellScriptBuildPhase;
			buildActionMask = 2147483647;
			files = (
			);
			inputPaths = (
			);
			name = "[CP] Embed Pods Frameworks";
			outputPaths = (
			);
			runOnlyForDeploymentPostprocessing = 0;
			shellPath = /bin/sh;
			shellScript = "\"${SRCROOT}/Pods/Target Support Files/Pods-BFCommonFramework/Pods-BFCommonFramework-frameworks.sh\"\n";
			showEnvVarsInLog = 0;
		};
		C973869A536534773F1CDD12 /* [CP] Copy Pods Resources */ = {
			isa = PBXShellScriptBuildPhase;
			buildActionMask = 2147483647;
			files = (
			);
			inputPaths = (
			);
			name = "[CP] Copy Pods Resources";
			outputPaths = (
			);
			runOnlyForDeploymentPostprocessing = 0;
			shellPath = /bin/sh;
			shellScript = "\"${SRCROOT}/Pods/Target Support Files/Pods-BFCommonFramework/Pods-BFCommonFramework-resources.sh\"\n";
			showEnvVarsInLog = 0;
		};
		F6927E97F2B49C692BE52E87 /* [CP] Check Pods Manifest.lock */ = {
			isa = PBXShellScriptBuildPhase;
			buildActionMask = 2147483647;
			files = (
			);
			inputPaths = (
				"${PODS_PODFILE_DIR_PATH}/Podfile.lock",
				"${PODS_ROOT}/Manifest.lock",
			);
			name = "[CP] Check Pods Manifest.lock";
			outputPaths = (
				"$(DERIVED_FILE_DIR)/Pods-BFCommonFramework-checkManifestLockResult.txt",
			);
			runOnlyForDeploymentPostprocessing = 0;
			shellPath = /bin/sh;
			shellScript = "diff \"${PODS_PODFILE_DIR_PATH}/Podfile.lock\" \"${PODS_ROOT}/Manifest.lock\" > /dev/null\nif [ $? != 0 ] ; then\n    # print error to STDERR\n    echo \"error: The sandbox is not in sync with the Podfile.lock. Run 'pod install' or update your CocoaPods installation.\" >&2\n    exit 1\nfi\n# This output is used by Xcode 'outputs' to avoid re-running this script phase.\necho \"SUCCESS\" > \"${SCRIPT_OUTPUT_FILE_0}\"\n";
			showEnvVarsInLog = 0;
		};
/* End PBXShellScriptBuildPhase section */

/* Begin PBXSourcesBuildPhase section */
		4A2490A72079B94A007C6597 /* Sources */ = {
			isa = PBXSourcesBuildPhase;
			buildActionMask = 2147483647;
			files = (
				4A2490B62079B959007C6597 /* ViewController.m in Sources */,
				4A2490B32079B959007C6597 /* AppDelegate.m in Sources */,
				4A2490C92079BB5B007C6597 /* BFNetworkManager.m in Sources */,
				4A2490B02079B959007C6597 /* main.m in Sources */,
				4A2490CD2079BBDE007C6597 /* BFNetworkSocket.m in Sources */,
			);
			runOnlyForDeploymentPostprocessing = 0;
		};
/* End PBXSourcesBuildPhase section */

/* Begin PBXVariantGroup section */
		4A2490B72079B959007C6597 /* Main.storyboard */ = {
			isa = PBXVariantGroup;
			children = (
				4A2490B82079B959007C6597 /* Base */,
			);
			name = Main.storyboard;
			sourceTree = "<group>";
		};
		4A2490BC2079B959007C6597 /* LaunchScreen.storyboard */ = {
			isa = PBXVariantGroup;
			children = (
				4A2490BD2079B959007C6597 /* Base */,
			);
			name = LaunchScreen.storyboard;
			sourceTree = "<group>";
		};
/* End PBXVariantGroup section */

/* Begin XCBuildConfiguration section */
		4A2490C02079B959007C6597 /* Debug */ = {
			isa = XCBuildConfiguration;
			buildSettings = {
				ALWAYS_SEARCH_USER_PATHS = NO;
				CLANG_ANALYZER_NONNULL = YES;
				CLANG_CXX_LANGUAGE_STANDARD = "gnu++0x";
				CLANG_CXX_LIBRARY = "libc++";
				CLANG_ENABLE_MODULES = YES;
				CLANG_ENABLE_OBJC_ARC = YES;
				CLANG_WARN_BOOL_CONVERSION = YES;
				CLANG_WARN_CONSTANT_CONVERSION = YES;
				CLANG_WARN_DIRECT_OBJC_ISA_USAGE = YES_ERROR;
				CLANG_WARN_DOCUMENTATION_COMMENTS = YES;
				CLANG_WARN_EMPTY_BODY = YES;
				CLANG_WARN_ENUM_CONVERSION = YES;
				CLANG_WARN_INFINITE_RECURSION = YES;
				CLANG_WARN_INT_CONVERSION = YES;
				CLANG_WARN_OBJC_ROOT_CLASS = YES_ERROR;
				CLANG_WARN_SUSPICIOUS_MOVE = YES;
				CLANG_WARN_UNREACHABLE_CODE = YES;
				CLANG_WARN__DUPLICATE_METHOD_MATCH = YES;
				"CODE_SIGN_IDENTITY[sdk=iphoneos*]" = "iPhone Developer";
				COPY_PHASE_STRIP = NO;
				DEBUG_INFORMATION_FORMAT = dwarf;
				ENABLE_STRICT_OBJC_MSGSEND = YES;
				ENABLE_TESTABILITY = YES;
				GCC_C_LANGUAGE_STANDARD = gnu99;
				GCC_DYNAMIC_NO_PIC = NO;
				GCC_NO_COMMON_BLOCKS = YES;
				GCC_OPTIMIZATION_LEVEL = 0;
				GCC_PREPROCESSOR_DEFINITIONS = (
					"DEBUG=1",
					"$(inherited)",
				);
				GCC_WARN_64_TO_32_BIT_CONVERSION = YES;
				GCC_WARN_ABOUT_RETURN_TYPE = YES_ERROR;
				GCC_WARN_UNDECLARED_SELECTOR = YES;
				GCC_WARN_UNINITIALIZED_AUTOS = YES_AGGRESSIVE;
				GCC_WARN_UNUSED_FUNCTION = YES;
				GCC_WARN_UNUSED_VARIABLE = YES;
				IPHONEOS_DEPLOYMENT_TARGET = 10.2;
				MTL_ENABLE_DEBUG_INFO = YES;
				ONLY_ACTIVE_ARCH = YES;
				SDKROOT = iphoneos;
			};
			name = Debug;
		};
		4A2490C12079B959007C6597 /* Release */ = {
			isa = XCBuildConfiguration;
			buildSettings = {
				ALWAYS_SEARCH_USER_PATHS = NO;
				CLANG_ANALYZER_NONNULL = YES;
				CLANG_CXX_LANGUAGE_STANDARD = "gnu++0x";
				CLANG_CXX_LIBRARY = "libc++";
				CLANG_ENABLE_MODULES = YES;
				CLANG_ENABLE_OBJC_ARC = YES;
				CLANG_WARN_BOOL_CONVERSION = YES;
				CLANG_WARN_CONSTANT_CONVERSION = YES;
				CLANG_WARN_DIRECT_OBJC_ISA_USAGE = YES_ERROR;
				CLANG_WARN_DOCUMENTATION_COMMENTS = YES;
				CLANG_WARN_EMPTY_BODY = YES;
				CLANG_WARN_ENUM_CONVERSION = YES;
				CLANG_WARN_INFINITE_RECURSION = YES;
				CLANG_WARN_INT_CONVERSION = YES;
				CLANG_WARN_OBJC_ROOT_CLASS = YES_ERROR;
				CLANG_WARN_SUSPICIOUS_MOVE = YES;
				CLANG_WARN_UNREACHABLE_CODE = YES;
				CLANG_WARN__DUPLICATE_METHOD_MATCH = YES;
				"CODE_SIGN_IDENTITY[sdk=iphoneos*]" = "iPhone Developer";
				COPY_PHASE_STRIP = NO;
				DEBUG_INFORMATION_FORMAT = "dwarf-with-dsym";
				ENABLE_NS_ASSERTIONS = NO;
				ENABLE_STRICT_OBJC_MSGSEND = YES;
				GCC_C_LANGUAGE_STANDARD = gnu99;
				GCC_NO_COMMON_BLOCKS = YES;
				GCC_WARN_64_TO_32_BIT_CONVERSION = YES;
				GCC_WARN_ABOUT_RETURN_TYPE = YES_ERROR;
				GCC_WARN_UNDECLARED_SELECTOR = YES;
				GCC_WARN_UNINITIALIZED_AUTOS = YES_AGGRESSIVE;
				GCC_WARN_UNUSED_FUNCTION = YES;
				GCC_WARN_UNUSED_VARIABLE = YES;
				IPHONEOS_DEPLOYMENT_TARGET = 10.2;
				MTL_ENABLE_DEBUG_INFO = NO;
				SDKROOT = iphoneos;
				VALIDATE_PRODUCT = YES;
			};
			name = Release;
		};
		4A2490C32079B959007C6597 /* Debug */ = {
			isa = XCBuildConfiguration;
			baseConfigurationReference = F6DBC13E6C27F57B782E2F2A /* Pods-BFCommonFramework.debug.xcconfig */;
			buildSettings = {
				ASSETCATALOG_COMPILER_APPICON_NAME = AppIcon;
				DEVELOPMENT_TEAM = N8M9ALB4QH;
				INFOPLIST_FILE = BFCommonFramework/Info.plist;
				IPHONEOS_DEPLOYMENT_TARGET = 9.0;
				LD_RUNPATH_SEARCH_PATHS = "$(inherited) @executable_path/Frameworks";
				PRODUCT_BUNDLE_IDENTIFIER = com.bf.BFCommonFramework;
				PRODUCT_NAME = "$(TARGET_NAME)";
			};
			name = Debug;
		};
		4A2490C42079B959007C6597 /* Release */ = {
			isa = XCBuildConfiguration;
			baseConfigurationReference = 843D7ACA2366A0D985B5293E /* Pods-BFCommonFramework.release.xcconfig */;
			buildSettings = {
				ASSETCATALOG_COMPILER_APPICON_NAME = AppIcon;
				DEVELOPMENT_TEAM = N8M9ALB4QH;
				INFOPLIST_FILE = BFCommonFramework/Info.plist;
				IPHONEOS_DEPLOYMENT_TARGET = 9.0;
				LD_RUNPATH_SEARCH_PATHS = "$(inherited) @executable_path/Frameworks";
				PRODUCT_BUNDLE_IDENTIFIER = com.bf.BFCommonFramework;
				PRODUCT_NAME = "$(TARGET_NAME)";
			};
			name = Release;
		};
/* End XCBuildConfiguration section */

/* Begin XCConfigurationList section */
		4A2490A62079B94A007C6597 /* Build configuration list for PBXProject "BFCommonFramework" */ = {
			isa = XCConfigurationList;
			buildConfigurations = (
				4A2490C02079B959007C6597 /* Debug */,
				4A2490C12079B959007C6597 /* Release */,
			);
			defaultConfigurationIsVisible = 0;
			defaultConfigurationName = Release;
		};
		4A2490C22079B959007C6597 /* Build configuration list for PBXNativeTarget "BFCommonFramework" */ = {
			isa = XCConfigurationList;
			buildConfigurations = (
				4A2490C32079B959007C6597 /* Debug */,
				4A2490C42079B959007C6597 /* Release */,
			);
			defaultConfigurationIsVisible = 0;
			defaultConfigurationName = Release;
		};
/* End XCConfigurationList section */
	};
	rootObject = 4A2490A32079B94A007C6597 /* Project object */;
}
